Microsoft Visual Studio Solution File, Format Version 12.00
# Visual Studio Version 17
VisualStudioVersion = 17.5.2.0
MinimumVisualStudioVersion = 10.0.40219.1
Project("{FAE04EC0-301F-11D3-BF4B-00C04F79EFBC}") = "MDMServer", "MDMServer.csproj", "{919B0E94-7F55-1904-0469-6B3C452F0100}"
EndProject
Global
	GlobalSection(SolutionConfigurationPlatforms) = preSolution
		Debug|Any CPU = Debug|Any CPU
		Release|Any CPU = Release|Any CPU
	EndGlobalSection
	GlobalSection(ProjectConfigurationPlatforms) = postSolution
		{919B0E94-7F55-1904-0469-6B3C452F0100}.Debug|Any CPU.ActiveCfg = Debug|Any CPU
		{919B0E94-7F55-1904-0469-6B3C452F0100}.Debug|Any CPU.Build.0 = Debug|Any CPU
		{919B0E94-7F55-1904-0469-6B3C452F0100}.Release|Any CPU.ActiveCfg = Release|Any CPU
		{919B0E94-7F55-1904-0469-6B3C452F0100}.Release|Any CPU.Build.0 = Release|Any CPU
	EndGlobalSection
	GlobalSection(SolutionProperties) = preSolution
		HideSolutionNode = FALSE
	EndGlobalSection
	GlobalSection(ExtensibilityGlobals) = postSolution
		SolutionGuid = {D5D781E1-ECEC-436F-8EB5-9A649C555F94}
	EndGlobalSection
EndGlobal
